
Microsoft Visual Studio Solution File, Format Version 12.00
# Visual Studio 14
VisualStudioVersion = 14.0.25420.1
MinimumVisualStudioVersion = 10.0.40219.1
Project("{FAE04EC0-301F-11D3-BF4B-00C04F79EFBC}") = "CmsWeb", "CmsWeb\CmsWeb.csproj", "{4C183CAC-F7FB-44F0-90D5-7F8A69C84231}"
EndProject
Project("{FAE04EC0-301F-11D3-BF4B-00C04F79EFBC}") = "CmsEntity", "Entity\CmsEntity.csproj", "{1EBB8E27-E404-47F4-BC9E-44E0866EB77F}"
EndProject
Project("{FAE04EC0-301F-11D3-BF4B-00C04F79EFBC}") = "CmsCommon", "CmsCommon\CmsCommon.csproj", "{69505100-56A0-4EF9-AD9C-F9C359B792EC}"
EndProject
Project("{FAE04EC0-301F-11D3-BF4B-00C04F79EFBC}") = "CmsUtils", "CmsUtils\CmsUtils.csproj", "{C7355B99-F287-47F0-9A80-BC1284430D80}"
EndProject
Project("{FAE04EC0-301F-11D3-BF4B-00C04F79EFBC}") = "CmsBAL", "CmsBAL\CmsBAL.csproj", "{44B6F607-37D7-4EE7-856B-267B66AC50F2}"
EndProject
Project("{FAE04EC0-301F-11D3-BF4B-00C04F79EFBC}") = "CmsDAL", "CmsDAL\CmsDAL.csproj", "{D7176B6E-BB57-4D1E-9298-3D7EFAAC4753}"
EndProject
Project("{FAE04EC0-301F-11D3-BF4B-00C04F79EFBC}") = "DataFactory", "DataFactory\DataFactory.csproj", "{77F52C92-D9FF-4281-9CA0-1ABE7196B4EF}"
EndProject
Project("{FAE04EC0-301F-11D3-BF4B-00C04F79EFBC}") = "CmsGenerator", "CmsGenerator\CmsGenerator.csproj", "{5643B422-4F45-4361-9022-89BBDB9B9AFC}"
EndProject
Global
	GlobalSection(SolutionConfigurationPlatforms) = preSolution
		Debug|Any CPU = Debug|Any CPU
		Release|Any CPU = Release|Any CPU
	EndGlobalSection
	GlobalSection(ProjectConfigurationPlatforms) = postSolution
		{4C183CAC-F7FB-44F0-90D5-7F8A69C84231}.Debug|Any CPU.ActiveCfg = Debug|Any CPU
		{4C183CAC-F7FB-44F0-90D5-7F8A69C84231}.Debug|Any CPU.Build.0 = Debug|Any CPU
		{4C183CAC-F7FB-44F0-90D5-7F8A69C84231}.Release|Any CPU.ActiveCfg = Release|Any CPU
		{4C183CAC-F7FB-44F0-90D5-7F8A69C84231}.Release|Any CPU.Build.0 = Release|Any CPU
		{1EBB8E27-E404-47F4-BC9E-44E0866EB77F}.Debug|Any CPU.ActiveCfg = Debug|Any CPU
		{1EBB8E27-E404-47F4-BC9E-44E0866EB77F}.Debug|Any CPU.Build.0 = Debug|Any CPU
		{1EBB8E27-E404-47F4-BC9E-44E0866EB77F}.Release|Any CPU.ActiveCfg = Release|Any CPU
		{1EBB8E27-E404-47F4-BC9E-44E0866EB77F}.Release|Any CPU.Build.0 = Release|Any CPU
		{69505100-56A0-4EF9-AD9C-F9C359B792EC}.Debug|Any CPU.ActiveCfg = Debug|Any CPU
		{69505100-56A0-4EF9-AD9C-F9C359B792EC}.Debug|Any CPU.Build.0 = Debug|Any CPU
		{69505100-56A0-4EF9-AD9C-F9C359B792EC}.Release|Any CPU.ActiveCfg = Release|Any CPU
		{69505100-56A0-4EF9-AD9C-F9C359B792EC}.Release|Any CPU.Build.0 = Release|Any CPU
		{C7355B99-F287-47F0-9A80-BC1284430D80}.Debug|Any CPU.ActiveCfg = Debug|Any CPU
		{C7355B99-F287-47F0-9A80-BC1284430D80}.Debug|Any CPU.Build.0 = Debug|Any CPU
		{C7355B99-F287-47F0-9A80-BC1284430D80}.Release|Any CPU.ActiveCfg = Release|Any CPU
		{C7355B99-F287-47F0-9A80-BC1284430D80}.Release|Any CPU.Build.0 = Release|Any CPU
		{44B6F607-37D7-4EE7-856B-267B66AC50F2}.Debug|Any CPU.ActiveCfg = Debug|Any CPU
		{44B6F607-37D7-4EE7-856B-267B66AC50F2}.Debug|Any CPU.Build.0 = Debug|Any CPU
		{44B6F607-37D7-4EE7-856B-267B66AC50F2}.Release|Any CPU.ActiveCfg = Release|Any CPU
		{44B6F607-37D7-4EE7-856B-267B66AC50F2}.Release|Any CPU.Build.0 = Release|Any CPU
		{D7176B6E-BB57-4D1E-9298-3D7EFAAC4753}.Debug|Any CPU.ActiveCfg = Debug|Any CPU
		{D7176B6E-BB57-4D1E-9298-3D7EFAAC4753}.Debug|Any CPU.Build.0 = Debug|Any CPU
		{D7176B6E-BB57-4D1E-9298-3D7EFAAC4753}.Release|Any CPU.ActiveCfg = Release|Any CPU
		{D7176B6E-BB57-4D1E-9298-3D7EFAAC4753}.Release|Any CPU.Build.0 = Release|Any CPU
		{77F52C92-D9FF-4281-9CA0-1ABE7196B4EF}.Debug|Any CPU.ActiveCfg = Debug|Any CPU
		{77F52C92-D9FF-4281-9CA0-1ABE7196B4EF}.Debug|Any CPU.Build.0 = Debug|Any CPU
		{77F52C92-D9FF-4281-9CA0-1ABE7196B4EF}.Release|Any CPU.ActiveCfg = Release|Any CPU
		{77F52C92-D9FF-4281-9CA0-1ABE7196B4EF}.Release|Any CPU.Build.0 = Release|Any CPU
		{5643B422-4F45-4361-9022-89BBDB9B9AFC}.Debug|Any CPU.ActiveCfg = Debug|Any CPU
		{5643B422-4F45-4361-9022-89BBDB9B9AFC}.Debug|Any CPU.Build.0 = Debug|Any CPU
		{5643B422-4F45-4361-9022-89BBDB9B9AFC}.Release|Any CPU.ActiveCfg = Release|Any CPU
		{5643B422-4F45-4361-9022-89BBDB9B9AFC}.Release|Any CPU.Build.0 = Release|Any CPU
	EndGlobalSection
	GlobalSection(SolutionProperties) = preSolution
		HideSolutionNode = FALSE
	EndGlobalSection
EndGlobal
